
Microsoft Visual Studio Solution File, Format Version 12.00
# Visual Studio Version 17
VisualStudioVersion = 17.7.34024.191
MinimumVisualStudioVersion = 10.0.40219.1
Project("{9A19103F-16F7-4668-BE54-9A1E7A4F7556}") = "Pleromi.Api", "Pleromi.Api\Pleromi.Api.csproj", "{B8382C0F-9993-4FF3-BCA7-598160E4762E}"
EndProject
Project("{9A19103F-16F7-4668-BE54-9A1E7A4F7556}") = "Pleromi.Benchmark", "Pleromi.Benchmark\Pleromi.Benchmark.csproj", "{08CD247D-9DBE-4FE3-B658-EC83AED8B34B}"
EndProject
Project("{9A19103F-16F7-4668-BE54-9A1E7A4F7556}") = "Pleromi.BLS", "Pleromi.BLS\Pleromi.BLS.csproj", "{FA0CC9B9-0E71-4A7A-BE96-C92A55C850B4}"
EndProject
Project("{9A19103F-16F7-4668-BE54-9A1E7A4F7556}") = "Pleromi.DAL", "Pleromi.DAL\Pleromi.DAL.csproj", "{6F23690C-86AE-4787-90DD-6A35F9AC8247}"
EndProject
Project("{9A19103F-16F7-4668-BE54-9A1E7A4F7556}") = "Pleromi.UnitTests", "Pleromi.UnitTests\Pleromi.UnitTests.csproj", "{D49BEC93-9F9B-43B6-B5D2-E8F7809B9B2E}"
EndProject
Global
	GlobalSection(SolutionConfigurationPlatforms) = preSolution
		Debug|Any CPU = Debug|Any CPU
		Release|Any CPU = Release|Any CPU
	EndGlobalSection
	GlobalSection(ProjectConfigurationPlatforms) = postSolution
		{B8382C0F-9993-4FF3-BCA7-598160E4762E}.Debug|Any CPU.ActiveCfg = Debug|Any CPU
		{B8382C0F-9993-4FF3-BCA7-598160E4762E}.Debug|Any CPU.Build.0 = Debug|Any CPU
		{B8382C0F-9993-4FF3-BCA7-598160E4762E}.Release|Any CPU.ActiveCfg = Release|Any CPU
		{B8382C0F-9993-4FF3-BCA7-598160E4762E}.Release|Any CPU.Build.0 = Release|Any CPU
		{08CD247D-9DBE-4FE3-B658-EC83AED8B34B}.Debug|Any CPU.ActiveCfg = Debug|Any CPU
		{08CD247D-9DBE-4FE3-B658-EC83AED8B34B}.Debug|Any CPU.Build.0 = Debug|Any CPU
		{08CD247D-9DBE-4FE3-B658-EC83AED8B34B}.Release|Any CPU.ActiveCfg = Release|Any CPU
		{08CD247D-9DBE-4FE3-B658-EC83AED8B34B}.Release|Any CPU.Build.0 = Release|Any CPU
		{FA0CC9B9-0E71-4A7A-BE96-C92A55C850B4}.Debug|Any CPU.ActiveCfg = Debug|Any CPU
		{FA0CC9B9-0E71-4A7A-BE96-C92A55C850B4}.Debug|Any CPU.Build.0 = Debug|Any CPU
		{FA0CC9B9-0E71-4A7A-BE96-C92A55C850B4}.Release|Any CPU.ActiveCfg = Release|Any CPU
		{FA0CC9B9-0E71-4A7A-BE96-C92A55C850B4}.Release|Any CPU.Build.0 = Release|Any CPU
		{6F23690C-86AE-4787-90DD-6A35F9AC8247}.Debug|Any CPU.ActiveCfg = Debug|Any CPU
		{6F23690C-86AE-4787-90DD-6A35F9AC8247}.Debug|Any CPU.Build.0 = Debug|Any CPU
		{6F23690C-86AE-4787-90DD-6A35F9AC8247}.Release|Any CPU.ActiveCfg = Release|Any CPU
		{6F23690C-86AE-4787-90DD-6A35F9AC8247}.Release|Any CPU.Build.0 = Release|Any CPU
		{D49BEC93-9F9B-43B6-B5D2-E8F7809B9B2E}.Debug|Any CPU.ActiveCfg = Debug|Any CPU
		{D49BEC93-9F9B-43B6-B5D2-E8F7809B9B2E}.Debug|Any CPU.Build.0 = Debug|Any CPU
		{D49BEC93-9F9B-43B6-B5D2-E8F7809B9B2E}.Release|Any CPU.ActiveCfg = Release|Any CPU
		{D49BEC93-9F9B-43B6-B5D2-E8F7809B9B2E}.Release|Any CPU.Build.0 = Release|Any CPU
	EndGlobalSection
	GlobalSection(SolutionProperties) = preSolution
		HideSolutionNode = FALSE
	EndGlobalSection
	GlobalSection(ExtensibilityGlobals) = postSolution
		SolutionGuid = {4B52A5A4-A53A-431A-88FF-2AE333E5F9D1}
	EndGlobalSection
EndGlobal
